{
  "nodes": {
    "fenix": {
      "inputs": {
        "nixpkgs": [
          "nixpkgs"
        ],
        "rust-analyzer-src": "rust-analyzer-src"
      },
      "locked": {
        "lastModified": 1709274179,
        "narHash": "sha256-O6EC6QELBLHzhdzBOJj0chx8AOcd4nDRECIagfT5Nd0=",
        "rev": "4be608f4f81d351aacca01b21ffd91028c23cc22",
        "revCount": 1791,
        "type": "tarball",
        "url": "https://api.flakehub.com/f/pinned/nix-community/fenix/0.1.1791%2Brev-4be608f4f81d351aacca01b21ffd91028c23cc22/018df913-b6d3-756c-b05c-358eca6e487d/source.tar.gz"
      },
      "original": {
        "type": "tarball",
        "url": "https://flakehub.com/f/nix-community/fenix/0.1.1618.tar.gz"
      }
    },
    "flake-compat": {
      "flake": false,
      "locked": {
        "lastModified": 1673956053,
        "narHash": "sha256-4gtG9iQuiKITOjNQQeQIpoIB6b16fm+504Ch3sNKLd8=",
        "owner": "edolstra",
        "repo": "flake-compat",
        "rev": "35bb57c0c8d8b62bbfd284272c928ceb64ddbde9",
        "type": "github"
      },
      "original": {
        "owner": "edolstra",
        "repo": "flake-compat",
        "type": "github"
      }
    },
    "libgit2": {
      "flake": false,
      "locked": {
        "lastModified": 1697646580,
        "narHash": "sha256-oX4Z3S9WtJlwvj0uH9HlYcWv+x1hqp8mhXl7HsLu2f0=",
        "owner": "libgit2",
        "repo": "libgit2",
        "rev": "45fd9ed7ae1a9b74b957ef4f337bc3c8b3df01b5",
        "type": "github"
      },
      "original": {
        "owner": "libgit2",
        "repo": "libgit2",
        "type": "github"
      }
    },
    "naersk": {
      "inputs": {
        "nixpkgs": [
          "nixpkgs"
        ]
      },
      "locked": {
        "lastModified": 1698420672,
        "narHash": "sha256-/TdeHMPRjjdJub7p7+w55vyABrsJlt5QkznPYy55vKA=",
        "owner": "nix-community",
        "repo": "naersk",
        "rev": "aeb58d5e8faead8980a807c840232697982d47b9",
        "type": "github"
      },
      "original": {
        "owner": "nix-community",
        "repo": "naersk",
        "type": "github"
      }
    },
    "nix": {
      "inputs": {
        "flake-compat": "flake-compat",
        "libgit2": "libgit2",
        "nixpkgs": "nixpkgs",
        "nixpkgs-regression": "nixpkgs-regression"
      },
      "locked": {
        "lastModified": 1710178469,
        "narHash": "sha256-9b9qJ+7rGjLKbIswMf0/2pgUWH/xOlYLk7P4WYNcGDs=",
        "rev": "34807c8906a61219ec2e9132c9cf0bd4d29e1d12",
        "revCount": 16474,
        "type": "tarball",
        "url": "https://api.flakehub.com/f/pinned/NixOS/nix/2.21.0/018e2f26-b719-7969-9e65-c3ae828e9b2c/source.tar.gz"
      },
      "original": {
        "type": "tarball",
        "url": "https://flakehub.com/f/NixOS/nix/2.18.1.tar.gz"
      }
    },
    "nixpkgs": {
      "locked": {
        "lastModified": 1709083642,
        "narHash": "sha256-7kkJQd4rZ+vFrzWu8sTRtta5D1kBG0LSRYAfhtmMlSo=",
        "owner": "NixOS",
        "repo": "nixpkgs",
        "rev": "b550fe4b4776908ac2a861124307045f8e717c8e",
        "type": "github"
      },
      "original": {
        "owner": "NixOS",
        "ref": "release-23.11",
        "repo": "nixpkgs",
        "type": "github"
      }
    },
    "nixpkgs-regression": {
      "locked": {
        "lastModified": 1643052045,
        "narHash": "sha256-uGJ0VXIhWKGXxkeNnq4TvV3CIOkUJ3PAoLZ3HMzNVMw=",
        "owner": "NixOS",
        "repo": "nixpkgs",
        "rev": "215d4d0fd80ca5163643b03a33fde804a29cc1e2",
        "type": "github"
      },
      "original": {
        "owner": "NixOS",
        "repo": "nixpkgs",
        "rev": "215d4d0fd80ca5163643b03a33fde804a29cc1e2",
        "type": "github"
      }
    },
    "nixpkgs_2": {
      "locked": {
        "lastModified": 1,
        "narHash": "sha256-R/glsgjybw9RkBhTdwOaYQ2idpYePWy/v6KJt8t8iJU=",
        "rev": "ea4c80b39be4c09702b0cb3b42eab59e2ba4f24b",
        "revCount": 433406,
        "type": "tarball",
        "url": "https://api.flakehub.com/f/pinned/NixOS/nixpkgs/0.2211.433406%2Brev-ea4c80b39be4c09702b0cb3b42eab59e2ba4f24b/0189fafc-845c-7413-9955-bd16e2eb8844/source.tar.gz"
      },
      "original": {
        "type": "tarball",
        "url": "https://flakehub.com/f/NixOS/nixpkgs/0.2211.433406.tar.gz"
      }
    },
    "root": {
      "inputs": {
        "fenix": "fenix",
        "naersk": "naersk",
        "nix": "nix",
        "nixpkgs": "nixpkgs_2"
      }
    },
    "rust-analyzer-src": {
      "flake": false,
      "locked": {
        "lastModified": 1709219524,
        "narHash": "sha256-8HHRXm4kYQLdUohNDUuCC3Rge7fXrtkjBUf0GERxrkM=",
        "owner": "rust-lang",
        "repo": "rust-analyzer",
        "rev": "9efa23c4dacee88b93540632eb3d88c5dfebfe17",
        "type": "github"
      },
      "original": {
        "owner": "rust-lang",
        "ref": "nightly",
        "repo": "rust-analyzer",
        "type": "github"
      }
    }
  },
  "root": "root",
  "version": 7
}
